
Microsoft Visual Studio Solution File, Format Version 12.00
# Visual Studio 2013
VisualStudioVersion = 12.0.21005.1
MinimumVisualStudioVersion = 10.0.40219.1
Project("{E24C65DC-7377-472B-9ABA-BC803B73C61A}") = "Web", "http://localhost:21203", "{E84E03C3-551B-4B61-93E3-D9CB57D608F2}"
	ProjectSection(WebsiteProperties) = preProject
		UseIISExpress = "true"
		TargetFrameworkMoniker = ".NETFramework,Version%3Dv4.5"
		Debug.AspNetCompiler.VirtualPath = "/localhost_21203"
		Debug.AspNetCompiler.PhysicalPath = "Web\"
		Debug.AspNetCompiler.TargetPath = "PrecompiledWeb\localhost_21203\"
		Debug.AspNetCompiler.Updateable = "true"
		Debug.AspNetCompiler.ForceOverwrite = "true"
		Debug.AspNetCompiler.FixedNames = "false"
		Debug.AspNetCompiler.Debug = "True"
		Release.AspNetCompiler.VirtualPath = "/localhost_21203"
		Release.AspNetCompiler.PhysicalPath = "Web\"
		Release.AspNetCompiler.TargetPath = "PrecompiledWeb\localhost_21203\"
		Release.AspNetCompiler.Updateable = "true"
		Release.AspNetCompiler.ForceOverwrite = "true"
		Release.AspNetCompiler.FixedNames = "false"
		Release.AspNetCompiler.Debug = "False"
		SlnRelativePath = "Web\"
	EndProjectSection
EndProject
Project("{FAE04EC0-301F-11D3-BF4B-00C04F79EFBC}") = "Business", "Business\Business.csproj", "{5212610A-7BA3-4532-BF8C-B8C81FFD648D}"
EndProject
Project("{FAE04EC0-301F-11D3-BF4B-00C04F79EFBC}") = "DataAccess", "DataAccess\DataAccess.csproj", "{F6E35DD9-5E47-42F0-8B14-20CE19E8446B}"
EndProject
Global
	GlobalSection(SolutionConfigurationPlatforms) = preSolution
		Debug|Any CPU = Debug|Any CPU
		Release|Any CPU = Release|Any CPU
	EndGlobalSection
	GlobalSection(ProjectConfigurationPlatforms) = postSolution
		{E84E03C3-551B-4B61-93E3-D9CB57D608F2}.Debug|Any CPU.ActiveCfg = Debug|Any CPU
		{E84E03C3-551B-4B61-93E3-D9CB57D608F2}.Debug|Any CPU.Build.0 = Debug|Any CPU
		{E84E03C3-551B-4B61-93E3-D9CB57D608F2}.Release|Any CPU.ActiveCfg = Debug|Any CPU
		{E84E03C3-551B-4B61-93E3-D9CB57D608F2}.Release|Any CPU.Build.0 = Debug|Any CPU
		{5212610A-7BA3-4532-BF8C-B8C81FFD648D}.Debug|Any CPU.ActiveCfg = Debug|Any CPU
		{5212610A-7BA3-4532-BF8C-B8C81FFD648D}.Debug|Any CPU.Build.0 = Debug|Any CPU
		{5212610A-7BA3-4532-BF8C-B8C81FFD648D}.Release|Any CPU.ActiveCfg = Release|Any CPU
		{5212610A-7BA3-4532-BF8C-B8C81FFD648D}.Release|Any CPU.Build.0 = Release|Any CPU
		{F6E35DD9-5E47-42F0-8B14-20CE19E8446B}.Debug|Any CPU.ActiveCfg = Debug|Any CPU
		{F6E35DD9-5E47-42F0-8B14-20CE19E8446B}.Debug|Any CPU.Build.0 = Debug|Any CPU
		{F6E35DD9-5E47-42F0-8B14-20CE19E8446B}.Release|Any CPU.ActiveCfg = Release|Any CPU
		{F6E35DD9-5E47-42F0-8B14-20CE19E8446B}.Release|Any CPU.Build.0 = Release|Any CPU
	EndGlobalSection
	GlobalSection(SolutionProperties) = preSolution
		HideSolutionNode = FALSE
	EndGlobalSection
EndGlobal
